
Microsoft Visual Studio Solution File, Format Version 12.00
# Visual Studio Version 17
VisualStudioVersion = 17.10.34916.146
MinimumVisualStudioVersion = 10.0.40219.1
Project("{FAE04EC0-301F-11D3-BF4B-00C04F79EFBC}") = "SolutionEx5Gateaux", "SolutionEx5Gateaux.csproj", "{74A07E95-C4E3-4D9A-9CE4-2102A1601BB5}"
EndProject
Global
	GlobalSection(SolutionConfigurationPlatforms) = preSolution
		Debug|Any CPU = Debug|Any CPU
		Release|Any CPU = Release|Any CPU
	EndGlobalSection
	GlobalSection(ProjectConfigurationPlatforms) = postSolution
		{74A07E95-C4E3-4D9A-9CE4-2102A1601BB5}.Debug|Any CPU.ActiveCfg = Debug|Any CPU
		{74A07E95-C4E3-4D9A-9CE4-2102A1601BB5}.Debug|Any CPU.Build.0 = Debug|Any CPU
		{74A07E95-C4E3-4D9A-9CE4-2102A1601BB5}.Release|Any CPU.ActiveCfg = Release|Any CPU
		{74A07E95-C4E3-4D9A-9CE4-2102A1601BB5}.Release|Any CPU.Build.0 = Release|Any CPU
	EndGlobalSection
	GlobalSection(SolutionProperties) = preSolution
		HideSolutionNode = FALSE
	EndGlobalSection
	GlobalSection(ExtensibilityGlobals) = postSolution
		SolutionGuid = {14E2F5D9-3604-4311-A858-53DAF93409A5}
	EndGlobalSection
EndGlobal
